
Microsoft Visual Studio Solution File, Format Version 12.00
# Visual Studio 15
Project("{FAE04EC0-301F-11D3-BF4B-00C04F79EFBC}") = "Assembly-CSharp", "Assembly-CSharp.csproj", "{BD4EEF3B-9AEB-A2DA-9DB5-CC981273A1A5}"
EndProject
Project("{FAE04EC0-301F-11D3-BF4B-00C04F79EFBC}") = "Assembly-CSharp-Editor", "Assembly-CSharp-Editor.csproj", "{94E2B419-C523-1ADB-1C4F-2E5B4D3B920F}"
EndProject
Global
	GlobalSection(SolutionConfigurationPlatforms) = preSolution
		Debug|Any CPU = Debug|Any CPU
		Release|Any CPU = Release|Any CPU
	EndGlobalSection
	GlobalSection(ProjectConfigurationPlatforms) = postSolution
		{BD4EEF3B-9AEB-A2DA-9DB5-CC981273A1A5}.Debug|Any CPU.ActiveCfg = Debug|Any CPU
		{BD4EEF3B-9AEB-A2DA-9DB5-CC981273A1A5}.Debug|Any CPU.Build.0 = Debug|Any CPU
		{BD4EEF3B-9AEB-A2DA-9DB5-CC981273A1A5}.Release|Any CPU.ActiveCfg = Release|Any CPU
		{BD4EEF3B-9AEB-A2DA-9DB5-CC981273A1A5}.Release|Any CPU.Build.0 = Release|Any CPU
		{94E2B419-C523-1ADB-1C4F-2E5B4D3B920F}.Debug|Any CPU.ActiveCfg = Debug|Any CPU
		{94E2B419-C523-1ADB-1C4F-2E5B4D3B920F}.Debug|Any CPU.Build.0 = Debug|Any CPU
		{94E2B419-C523-1ADB-1C4F-2E5B4D3B920F}.Release|Any CPU.ActiveCfg = Release|Any CPU
		{94E2B419-C523-1ADB-1C4F-2E5B4D3B920F}.Release|Any CPU.Build.0 = Release|Any CPU
	EndGlobalSection
	GlobalSection(SolutionProperties) = preSolution
		HideSolutionNode = FALSE
	EndGlobalSection
EndGlobal
